
Microsoft Visual Studio Solution File, Format Version 12.00
# Visual Studio 15
VisualStudioVersion = 15.0.28307.271
MinimumVisualStudioVersion = 10.0.40219.1
Project("{FAE04EC0-301F-11D3-BF4B-00C04F79EFBC}") = "Client", "Client\Client.csproj", "{0AEC390F-4988-4A4A-9B8B-9BA0D506165F}"
EndProject
Global
	GlobalSection(SolutionConfigurationPlatforms) = preSolution
		Debug|Any CPU = Debug|Any CPU
		Release|Any CPU = Release|Any CPU
	EndGlobalSection
	GlobalSection(ProjectConfigurationPlatforms) = postSolution
		{0AEC390F-4988-4A4A-9B8B-9BA0D506165F}.Debug|Any CPU.ActiveCfg = Debug|Any CPU
		{0AEC390F-4988-4A4A-9B8B-9BA0D506165F}.Debug|Any CPU.Build.0 = Debug|Any CPU
		{0AEC390F-4988-4A4A-9B8B-9BA0D506165F}.Release|Any CPU.ActiveCfg = Release|Any CPU
		{0AEC390F-4988-4A4A-9B8B-9BA0D506165F}.Release|Any CPU.Build.0 = Release|Any CPU
	EndGlobalSection
	GlobalSection(SolutionProperties) = preSolution
		HideSolutionNode = FALSE
	EndGlobalSection
	GlobalSection(ExtensibilityGlobals) = postSolution
		SolutionGuid = {7394165A-62C0-4AE2-9822-9DB664DEE115}
	EndGlobalSection
EndGlobal
